
Microsoft Visual Studio Solution File, Format Version 12.00
# Visual Studio 15
VisualStudioVersion = 15.0.27130.2020
MinimumVisualStudioVersion = 10.0.40219.1
Project("{9A19103F-16F7-4668-BE54-9A1E7A4F7556}") = "Spamer", "Spamer\Spamer.csproj", "{A6EC4636-1F7D-4076-8596-76B3E7AD92FB}"
EndProject
Project("{9A19103F-16F7-4668-BE54-9A1E7A4F7556}") = "CsvReader", "CsvReader\CsvReader.csproj", "{27E6D6A7-4A6E-4BA9-A4AB-5F05FEA973FB}"
EndProject
Project("{FAE04EC0-301F-11D3-BF4B-00C04F79EFBC}") = "EmailSender", "EmailSender\EmailSender.csproj", "{B8543930-8C89-4F5D-BFE3-F3835283D359}"
EndProject
Global
	GlobalSection(SolutionConfigurationPlatforms) = preSolution
		Debug|Any CPU = Debug|Any CPU
		Release|Any CPU = Release|Any CPU
	EndGlobalSection
	GlobalSection(ProjectConfigurationPlatforms) = postSolution
		{A6EC4636-1F7D-4076-8596-76B3E7AD92FB}.Debug|Any CPU.ActiveCfg = Debug|Any CPU
		{A6EC4636-1F7D-4076-8596-76B3E7AD92FB}.Debug|Any CPU.Build.0 = Debug|Any CPU
		{A6EC4636-1F7D-4076-8596-76B3E7AD92FB}.Release|Any CPU.ActiveCfg = Release|Any CPU
		{A6EC4636-1F7D-4076-8596-76B3E7AD92FB}.Release|Any CPU.Build.0 = Release|Any CPU
		{27E6D6A7-4A6E-4BA9-A4AB-5F05FEA973FB}.Debug|Any CPU.ActiveCfg = Debug|Any CPU
		{27E6D6A7-4A6E-4BA9-A4AB-5F05FEA973FB}.Debug|Any CPU.Build.0 = Debug|Any CPU
		{27E6D6A7-4A6E-4BA9-A4AB-5F05FEA973FB}.Release|Any CPU.ActiveCfg = Release|Any CPU
		{27E6D6A7-4A6E-4BA9-A4AB-5F05FEA973FB}.Release|Any CPU.Build.0 = Release|Any CPU
		{B8543930-8C89-4F5D-BFE3-F3835283D359}.Debug|Any CPU.ActiveCfg = Debug|Any CPU
		{B8543930-8C89-4F5D-BFE3-F3835283D359}.Debug|Any CPU.Build.0 = Debug|Any CPU
		{B8543930-8C89-4F5D-BFE3-F3835283D359}.Release|Any CPU.ActiveCfg = Release|Any CPU
		{B8543930-8C89-4F5D-BFE3-F3835283D359}.Release|Any CPU.Build.0 = Release|Any CPU
	EndGlobalSection
	GlobalSection(SolutionProperties) = preSolution
		HideSolutionNode = FALSE
	EndGlobalSection
	GlobalSection(ExtensibilityGlobals) = postSolution
		SolutionGuid = {56854538-DA06-4F74-A1F4-6DA587F1EF42}
	EndGlobalSection
EndGlobal
